{
  "version": "4",
  "specifiers": {
    "npm:@types/node@*": "22.12.0"
  },
  "npm": {
    "@types/node@22.12.0": {
      "integrity": "sha512-Fll2FZ1riMjNmlmJOdAyY5pUbkftXslB5DgEzlIuNaiWhXd00FhWxVC/r4yV/4wBb9JfImTu+jiSvXTkJ7F/gA==",
      "dependencies": [
        "undici-types"
      ]
    },
    "undici-types@6.20.0": {
      "integrity": "sha512-Ny6QZ2Nju20vw1SRHe3d9jVu6gJ+4e3+MMpqu7pqE5HT6WsTSlce++GQmK5UXS8mzV8DSYHrQH+Xrf2jVcuKNg=="
    }
  },
  "redirects": {
    "https://deno.land/x/dotenv/mod.ts": "https://deno.land/x/dotenv@v3.2.2/mod.ts",
    "https://deno.land/x/hono@v3.11.4/": "https://deno.land/x/hono@v3.11.4",
    "https://deno.land/x/sqlite/mod.ts": "https://deno.land/x/sqlite@v3.9.1/mod.ts",
    "https://esm.sh/@libsql/client": "https://esm.sh/@libsql/client@0.15.4",
    "https://esm.sh/@libsql/core@^0.15.4/api?target=denonext": "https://esm.sh/@libsql/core@0.15.4/api?target=denonext",
    "https://esm.sh/@libsql/core@^0.15.4/config?target=denonext": "https://esm.sh/@libsql/core@0.15.4/config?target=denonext",
    "https://esm.sh/@libsql/core@^0.15.4/uri?target=denonext": "https://esm.sh/@libsql/core@0.15.4/uri?target=denonext",
    "https://esm.sh/@libsql/core@^0.15.4/util?target=denonext": "https://esm.sh/@libsql/core@0.15.4/util?target=denonext",
    "https://esm.sh/@libsql/hrana-client@^0.7.0?target=denonext": "https://esm.sh/@libsql/hrana-client@0.7.0?target=denonext",
    "https://esm.sh/@libsql/isomorphic-fetch@^0.3.1?target=denonext": "https://esm.sh/@libsql/isomorphic-fetch@0.3.1?target=denonext",
    "https://esm.sh/@libsql/isomorphic-ws@^0.1.5?target=denonext": "https://esm.sh/@libsql/isomorphic-ws@0.1.5?target=denonext",
    "https://esm.sh/@selderee/plugin-htmlparser2@^0.11.0?target=denonext": "https://esm.sh/@selderee/plugin-htmlparser2@0.11.0?target=denonext",
    "https://esm.sh/@types/papaparse@~5.3.15/index.d.ts": "https://esm.sh/@types/papaparse@5.3.15/index.d.ts",
    "https://esm.sh/@types/react-dom@~19.1.2/server.d.ts": "https://esm.sh/@types/react-dom@19.1.2/server.d.ts",
    "https://esm.sh/@types/react@~19.1.0/index.d.ts": "https://esm.sh/@types/react@19.1.2/index.d.ts",
    "https://esm.sh/@types/react@~19.1.0/jsx-runtime.d.ts": "https://esm.sh/@types/react@19.1.2/jsx-runtime.d.ts",
    "https://esm.sh/@types/react@~19.1.2/index.d.ts": "https://esm.sh/@types/react@19.1.2/index.d.ts",
    "https://esm.sh/@types/ws@~8.5.13/index.d.mts": "https://esm.sh/@types/ws@8.5.14/index.d.mts",
    "https://esm.sh/deepmerge@^4.3.1?target=denonext": "https://esm.sh/deepmerge@4.3.1?target=denonext",
    "https://esm.sh/dom-serializer@^2.0.0?target=denonext": "https://esm.sh/dom-serializer@2.0.0?target=denonext",
    "https://esm.sh/domelementtype@^2.3.0?target=denonext": "https://esm.sh/domelementtype@2.3.0?target=denonext",
    "https://esm.sh/domhandler@^5.0.3?target=denonext": "https://esm.sh/domhandler@5.0.3?target=denonext",
    "https://esm.sh/domutils@^3.0.1?target=denonext": "https://esm.sh/domutils@3.2.2?target=denonext",
    "https://esm.sh/entities@^4.2.0?target=denonext": "https://esm.sh/entities@4.5.0?target=denonext",
    "https://esm.sh/entities@^4.4.0/lib/decode?target=denonext": "https://esm.sh/entities@4.5.0/lib/decode?target=denonext",
    "https://esm.sh/htmlparser2@^8.0.2?target=denonext": "https://esm.sh/htmlparser2@8.0.2?target=denonext",
    "https://esm.sh/js-base64@^3.7.5?target=denonext": "https://esm.sh/js-base64@3.7.7?target=denonext",
    "https://esm.sh/leac@^0.6.0?target=denonext": "https://esm.sh/leac@0.6.0?target=denonext",
    "https://esm.sh/parseley@^0.12.0?target=denonext": "https://esm.sh/parseley@0.12.1?target=denonext",
    "https://esm.sh/peberminta@^0.9.0?target=denonext": "https://esm.sh/peberminta@0.9.0?target=denonext",
    "https://esm.sh/promise-limit@^2.7.0?target=denonext": "https://esm.sh/promise-limit@2.7.0?target=denonext",
    "https://esm.sh/react-dom@^19.2.0-canary-ea05b750-20250408/server?target=denonext": "https://esm.sh/react-dom@19.2.0-canary-ea05b750-20250408/server?target=denonext",
    "https://esm.sh/react@^19.2.0-canary-ea05b750-20250408/jsx-runtime?target=denonext": "https://esm.sh/react@19.2.0-canary-ea05b750-20250408/jsx-runtime?target=denonext",
    "https://esm.sh/react@^19.2.0-canary-ea05b750-20250408?target=denonext": "https://esm.sh/react@19.2.0-canary-ea05b750-20250408?target=denonext",
    "https://esm.sh/resend@latest": "https://esm.sh/resend@4.3.0",
    "https://esm.sh/selderee@^0.11.0?target=denonext": "https://esm.sh/selderee@0.11.0?target=denonext"
  },
  "remote": {
    "https://deno.land/std@0.224.0/dotenv/load.ts": "587b342f0f6a3df071331fe6ba1c823729ab68f7d53805809475e486dd4161d7",
    "https://deno.land/std@0.224.0/dotenv/mod.ts": "0180eaeedaaf88647318811cdaa418cc64dc51fb08354f91f5f480d0a1309f7d",
    "https://deno.land/std@0.224.0/dotenv/parse.ts": "09977ff88dfd1f24f9973a338f0f91bbdb9307eb5ff6085446e7c423e4c7ba0c",
    "https://deno.land/std@0.224.0/dotenv/stringify.ts": "275da322c409170160440836342eaa7cf012a1d11a7e700d8ca4e7f2f8aa4615",
    "https://deno.land/x/dotenv@v3.2.2/mod.ts": "077b48773de9205266a0b44c3c3a3c3083449ed64bb0b6cc461b95720678d38e",
    "https://deno.land/x/dotenv@v3.2.2/util.ts": "693730877b13f8ead2b79b2aa31e2a0652862f7dc0c5f6d2f313f4d39c7b7670",
    "https://deno.land/x/hono@v3.11.6/adapter/deno/serve-static.ts": "ba10cf6aaf39da942b0d49c3b9877ddba69d41d414c6551d890beb1085f58eea",
    "https://deno.land/x/hono@v3.11.6/client/client.ts": "ff340f58041203879972dd368b011ed130c66914f789826610869a90603406bf",
    "https://deno.land/x/hono@v3.11.6/client/index.ts": "3ff4cf246f3543f827a85a2c84d66a025ac350ee927613629bda47e854bfb7ba",
    "https://deno.land/x/hono@v3.11.6/client/types.ts": "ca165b8738d384361b927964466ecc8bc1436edad3d0414e30a28f40ba4ca496",
    "https://deno.land/x/hono@v3.11.6/client/utils.ts": "053273c002963b549d38268a1b423ac8ca211a8028bdab1ed0b781a62aa5e661",
    "https://deno.land/x/hono@v3.11.6/compose.ts": "37d6e33b7db80e4c43a0629b12fd3a1e3406e7d9e62a4bfad4b30426ea7ae4f1",
    "https://deno.land/x/hono@v3.11.6/context.ts": "5cac561498e1f4af7a355673a047f07f47349056c5167ed9aec8a20cdcac8464",
    "https://deno.land/x/hono@v3.11.6/helper/adapter/index.ts": "eea9b4caedbfa3a3b4a020bf46c88c0171a00008cd6c10708cd85a3e39d86e62",
    "https://deno.land/x/hono@v3.11.6/helper/cookie/index.ts": "a05ce7e3bafe1f8c7f45d04abf79822716011be75904fe1aad2e99126fd985b9",
    "https://deno.land/x/hono@v3.11.6/helper/html/index.ts": "a4ac61c54cd432e708dd019aced59273e5e053933f4804b0b5758d9916468b3e",
    "https://deno.land/x/hono@v3.11.6/hono-base.ts": "ab40351c5198cedef9e235ca0a958a161fec822b62aa7fb1eaa36559dc05e0d5",
    "https://deno.land/x/hono@v3.11.6/hono.ts": "2cc4c292e541463a4d6f83edbcea58048d203e9564ae62ec430a3d466b49a865",
    "https://deno.land/x/hono@v3.11.6/http-exception.ts": "6071df078b5f76d279684d52fe82a590f447a64ffe1b75eb5064d0c8a8d2d676",
    "https://deno.land/x/hono@v3.11.6/jsx/components.ts": "f69d385d768f2b6656615a2991514b610bfe6ac87e042fa9723d2b92dd92a62b",
    "https://deno.land/x/hono@v3.11.6/jsx/index.ts": "4e447da487478dd6f7ceda92256cdeb3fb8ca42c336b22553c279a1927594941",
    "https://deno.land/x/hono@v3.11.6/jsx/intrinsic-elements.ts": "03250beb610bda1c72017bc0912c2505ff764b7a8d869e7e4add40eb4cfec096",
    "https://deno.land/x/hono@v3.11.6/jsx/streaming.ts": "37a6b23d1419e210e6063c7d315f984a993a4f42b39cbcd77323d1c0af75bc62",
    "https://deno.land/x/hono@v3.11.6/middleware.ts": "57b2047c4b9d775a052a9c44a3b805802c1d1cb477ab9c4bb6185d27382d1b96",
    "https://deno.land/x/hono@v3.11.6/middleware/basic-auth/index.ts": "5f88b1bc909d0db51fd72ec236db642271e3c597ac9ca2d8d191c0bb7d2ffdef",
    "https://deno.land/x/hono@v3.11.6/middleware/bearer-auth/index.ts": "1bfe631db1661cd342a2220614af5e21455ebea11b8c3ed5f6df7ef8d02b9a54",
    "https://deno.land/x/hono@v3.11.6/middleware/cache/index.ts": "0d3a742d0b1639e47f11da6ab66f755eb379a431b073391a94a9f551c5a2c430",
    "https://deno.land/x/hono@v3.11.6/middleware/compress/index.ts": "c053a4c9bb605f0320e014b513cfd44c6cbde6ed49373fd659fa02d697f9df17",
    "https://deno.land/x/hono@v3.11.6/middleware/cors/index.ts": "8ed6459d4d8990e5f398255aa139e3026f773abee8acd7e9dc1090fcf3f42e83",
    "https://deno.land/x/hono@v3.11.6/middleware/etag/index.ts": "3392aabea4d02dfec51455c5919bff9aad76538b9fde375dd542fbc3f389dd3a",
    "https://deno.land/x/hono@v3.11.6/middleware/jsx-renderer/index.ts": "8c12ac5b61608a4688e28794927990d1d07ca11de8b9e79bb85e33b1696d790c",
    "https://deno.land/x/hono@v3.11.6/middleware/jwt/index.ts": "2779850fc1e16a41da03ba93430a08439002fa8cc0e122ee6f444a98172bc891",
    "https://deno.land/x/hono@v3.11.6/middleware/logger/index.ts": "4baf9217b61f5e9e937c3e4e6cd87508c83603fcee77c33edba0a6ae2cc41ccd",
    "https://deno.land/x/hono@v3.11.6/middleware/powered-by/index.ts": "6faba0cf042278d60b317b690640bb0b58747690cf280fa09024424c5174e66d",
    "https://deno.land/x/hono@v3.11.6/middleware/pretty-json/index.ts": "2216ce4c9910be009fecac63367c3626b46137d4cf7cb9a82913e501104b4a88",
    "https://deno.land/x/hono@v3.11.6/middleware/secure-headers/index.ts": "05dfc8fbb94a565efbb55633090b81157e97f23393ff80a23e299ad7ac222e34",
    "https://deno.land/x/hono@v3.11.6/middleware/timing/index.ts": "241702aa10ab66cc832e8b556c57c236f3bf338a8817d802cb142eae0f852582",
    "https://deno.land/x/hono@v3.11.6/mod.ts": "90114a97be9111b348129ad0143e764a64921f60dd03b8f3da529db98a0d3a82",
    "https://deno.land/x/hono@v3.11.6/request.ts": "71a67261d14bba95e9a8b4782a1c1704d12d54a77390ce404741df15ab99a109",
    "https://deno.land/x/hono@v3.11.6/router.ts": "880316f561918fc197481755aac2165fdbe2f530b925c5357a9f98d6e2cc85c7",
    "https://deno.land/x/hono@v3.11.6/router/linear-router/index.ts": "8a2a7144c50b1f4a92d9ee99c2c396716af144c868e10608255f969695efccd0",
    "https://deno.land/x/hono@v3.11.6/router/linear-router/router.ts": "bc63e8b5bc1dabc815306d50bebd1bb5877ffa3936ba2ad7550d093c95ee6bd1",
    "https://deno.land/x/hono@v3.11.6/router/pattern-router/index.ts": "304a66c50e243872037ed41c7dd79ed0c89d815e17e172e7ad7cdc4bc07d3383",
    "https://deno.land/x/hono@v3.11.6/router/pattern-router/router.ts": "a9a5a2a182cce8c3ae82139892cc0502be7dd8f579f31e76d0302b19b338e548",
    "https://deno.land/x/hono@v3.11.6/router/reg-exp-router/index.ts": "52755829213941756159b7a963097bafde5cc4fc22b13b1c7c9184dc0512d1db",
    "https://deno.land/x/hono@v3.11.6/router/reg-exp-router/node.ts": "5b3fb80411db04c65df066e69fedb2c8c0844753c2633d703336de84d569252c",
    "https://deno.land/x/hono@v3.11.6/router/reg-exp-router/router.ts": "7f7af7ce45a4327f9ac7dbdee186f7ba9a24f2eff14c720e3f670be001e71780",
    "https://deno.land/x/hono@v3.11.6/router/reg-exp-router/trie.ts": "852ce7207e6701e47fa30889a0d2b8bfcd56d8862c97e7bc9831e0a64bd8835f",
    "https://deno.land/x/hono@v3.11.6/router/smart-router/index.ts": "74f9b4fe15ea535900f2b9b048581915f12fe94e531dd2b0032f5610e61c3bef",
    "https://deno.land/x/hono@v3.11.6/router/smart-router/router.ts": "f1848a2a1eefa316a11853ae12e749552747771fb8a11fe713ae04ea6461140b",
    "https://deno.land/x/hono@v3.11.6/router/trie-router/index.ts": "3eb75e7f71ba81801631b30de6b1f5cefb2c7239c03797e2b2cbab5085911b41",
    "https://deno.land/x/hono@v3.11.6/router/trie-router/node.ts": "3af15fa9c9994a8664a2b7a7c11233504b5bb9d4fcf7bb34cf30d7199052c39f",
    "https://deno.land/x/hono@v3.11.6/router/trie-router/router.ts": "54ced78d35676302c8fcdda4204f7bdf5a7cc907fbf9967c75674b1e394f830d",
    "https://deno.land/x/hono@v3.11.6/types.ts": "82f95c64c13c21129130d7bb383956306e19d23b3e986c02c914d7aa08808d1d",
    "https://deno.land/x/hono@v3.11.6/utils/body.ts": "7a16a6656331a96bcae57642f8d5e3912bd361cbbcc2c0d2157ecc3f218f7a92",
    "https://deno.land/x/hono@v3.11.6/utils/buffer.ts": "9066a973e64498cb262c7e932f47eed525a51677b17f90893862b7279dc0773e",
    "https://deno.land/x/hono@v3.11.6/utils/cookie.ts": "19920ba6756944aae1ad8585c3ddeaa9df479733f59d05359db096f7361e5e4b",
    "https://deno.land/x/hono@v3.11.6/utils/crypto.ts": "bda0e141bbe46d3a4a20f8fbcb6380d473b617123d9fdfa93e4499410b537acc",
    "https://deno.land/x/hono@v3.11.6/utils/encode.ts": "3b7c7d736123b5073542b34321700d4dbf5ff129c138f434bb2144a4d425ee89",
    "https://deno.land/x/hono@v3.11.6/utils/filepath.ts": "18461b055a914d6da85077f453051b516281bb17cf64fa74bf5ef604dc9d2861",
    "https://deno.land/x/hono@v3.11.6/utils/html.ts": "4d2f3975238819fa756e0e51cb7090702136b1e3c54c5049694e26c62d2fcd84",
    "https://deno.land/x/hono@v3.11.6/utils/http-status.ts": "e0c4343ea7717c314dc600131e16b636c29d61cfdaf9df93b267258d1729d1a0",
    "https://deno.land/x/hono@v3.11.6/utils/jwt/index.ts": "5e4b82a42eb3603351dfce726cd781ca41cb57437395409d227131aec348d2d5",
    "https://deno.land/x/hono@v3.11.6/utils/jwt/jwt.ts": "02ff7bbf1298ffcc7a40266842f8eac44b6c136453e32d4441e24d0cbfba3a95",
    "https://deno.land/x/hono@v3.11.6/utils/jwt/types.ts": "58ddf908f76ba18d9c62ddfc2d1e40cc2e306bf987409a6169287efa81ce2546",
    "https://deno.land/x/hono@v3.11.6/utils/mime.ts": "0105d2b5e8e91f07acc70f5d06b388313995d62af23c802fcfba251f5a744d95",
    "https://deno.land/x/hono@v3.11.6/utils/stream.ts": "1789dcc73c5b0ede28f83d7d34e47ae432c20e680907cb3275a9c9187f293983",
    "https://deno.land/x/hono@v3.11.6/utils/types.ts": "41c4e7d8028f3dec43ff7c26e9498fed53d9ec7c3b47071d066b40f7b7a8ef58",
    "https://deno.land/x/hono@v3.11.6/utils/url.ts": "5fc3307ef3cb2e6f34ec2a03e3d7f2126c6a9f5f0eab677222df3f0e40bd7567",
    "https://deno.land/x/hono@v3.11.6/validator/index.ts": "6c986e8b91dcf857ecc8164a506ae8eea8665792a4ff7215471df669c632ae7c",
    "https://deno.land/x/hono@v3.11.6/validator/validator.ts": "f6139f0b6eb2040bc9f7ed4148905d5affc898235952772b2d6585fdae8d4731",
    "https://deno.land/x/sqlite@v3.7.2/build/sqlite.js": "c59f109f100c2bae0b9342f04e0d400583e2e3211d08bb71095177a4109ee5bf",
    "https://deno.land/x/sqlite@v3.7.2/build/vfs.js": "08533cc78fb29b9d9bd62f6bb93e5ef333407013fed185776808f11223ba0e70",
    "https://deno.land/x/sqlite@v3.7.2/mod.ts": "e09fc79d8065fe222578114b109b1fd60077bff1bb75448532077f784f4d6a83",
    "https://deno.land/x/sqlite@v3.7.2/src/constants.ts": "90f3be047ec0a89bcb5d6fc30db121685fc82cb00b1c476124ff47a4b0472aa9",
    "https://deno.land/x/sqlite@v3.7.2/src/db.ts": "62f3ad4d593c07e7c64fbbd97da6b4579ea695f8d11d52d899661e9d42a400fd",
    "https://deno.land/x/sqlite@v3.7.2/src/error.ts": "f7a15cb00d7c3797da1aefee3cf86d23e0ae92e73f0ba3165496c3816ab9503a",
    "https://deno.land/x/sqlite@v3.7.2/src/function.ts": "e4c83b8ec64bf88bafad2407376b0c6a3b54e777593c70336fb40d43a79865f2",
    "https://deno.land/x/sqlite@v3.7.2/src/query.ts": "d58abda928f6582d77bad685ecf551b1be8a15e8e38403e293ec38522e030cad",
    "https://deno.land/x/sqlite@v3.7.2/src/wasm.ts": "e79d0baa6e42423257fb3c7cc98091c54399254867e0f34a09b5bdef37bd9487",
    "https://deno.land/x/sqlite@v3.9.1/build/sqlite.js": "2afc7875c7b9c85d89730c4a311ab3a304e5d1bf761fbadd8c07bbdf130f5f9b",
    "https://deno.land/x/sqlite@v3.9.1/build/vfs.js": "7f7778a9fe499cd10738d6e43867340b50b67d3e39142b0065acd51a84cd2e03",
    "https://deno.land/x/sqlite@v3.9.1/mod.ts": "e09fc79d8065fe222578114b109b1fd60077bff1bb75448532077f784f4d6a83",
    "https://deno.land/x/sqlite@v3.9.1/src/constants.ts": "90f3be047ec0a89bcb5d6fc30db121685fc82cb00b1c476124ff47a4b0472aa9",
    "https://deno.land/x/sqlite@v3.9.1/src/db.ts": "03d0c860957496eadedd86e51a6e650670764630e64f56df0092e86c90752401",
    "https://deno.land/x/sqlite@v3.9.1/src/error.ts": "f7a15cb00d7c3797da1aefee3cf86d23e0ae92e73f0ba3165496c3816ab9503a",
    "https://deno.land/x/sqlite@v3.9.1/src/function.ts": "bc778cab7a6d771f690afa27264c524d22fcb96f1bb61959ade7922c15a4ab8d",
    "https://deno.land/x/sqlite@v3.9.1/src/query.ts": "d58abda928f6582d77bad685ecf551b1be8a15e8e38403e293ec38522e030cad",
    "https://deno.land/x/sqlite@v3.9.1/src/wasm.ts": "e79d0baa6e42423257fb3c7cc98091c54399254867e0f34a09b5bdef37bd9487",
    "https://esm.sh/@libsql/client@0.15.4": "a42931b0d7d1ac90469af8335668d21906339374db6da6cb204519ccdae357db",
    "https://esm.sh/@libsql/client@0.15.4/denonext/client.mjs": "9a135f4e26b1523988d55ef0297a05a02e71704b19122396b6a33c53f05f2b96",
    "https://esm.sh/@libsql/client@0.15.4/denonext/http.mjs": "673c5e62cf6a60f3c26ef47bc933e1f14c642883ddcaff7b3f8d1bf38c215c11",
    "https://esm.sh/@libsql/client@0.15.4/denonext/lib-esm/hrana.mjs": "25b7bebdd97c6b05637cadcde386d93d000145713292380e38e140a2ff7a83b9",
    "https://esm.sh/@libsql/client@0.15.4/denonext/lib-esm/sql_cache.mjs": "3a68bcfea8466530cfba15e6cd7ebe27014aa57ebb9332424d8510d30799ed6e",
    "https://esm.sh/@libsql/client@0.15.4/denonext/ws.mjs": "b0e1b5634f8f1ac93600c8f2fab58455591933b58fe1acd993d2b606fa67ec93",
    "https://esm.sh/@libsql/core@0.15.4/api?target=denonext": "28c91d8feff4e39b23bd1bf6db501a201c38395addafde62b8f5d1adf85c563c",
    "https://esm.sh/@libsql/core@0.15.4/config?target=denonext": "7204d394dd7b9f0744f1aa41d2a7cc319272533ab929b27a158e6d7c441a21b8",
    "https://esm.sh/@libsql/core@0.15.4/denonext/api.mjs": "156b9203070547a45c1c5ccf1d3172c8f061343c2a2f8d6cc9ab70ef37ad275b",
    "https://esm.sh/@libsql/core@0.15.4/denonext/config.mjs": "546fdf395f8a592b0deed6e0680bee2c5070c2439242f08a056876a359329626",
    "https://esm.sh/@libsql/core@0.15.4/denonext/uri.mjs": "448901ad7506fa53f662886a5a46a94b0caa6b7ce7218e65467b9ac8fe6ce5ab",
    "https://esm.sh/@libsql/core@0.15.4/denonext/util.mjs": "7759d72cbc96aa31498925004b645c69809125db634244a13b5e7b8605cf0ded",
    "https://esm.sh/@libsql/core@0.15.4/uri?target=denonext": "e1eded458922629882b9769aa06f77ebf0d18da75ad910fe6fee2c53af7a88ce",
    "https://esm.sh/@libsql/core@0.15.4/util?target=denonext": "ff53f4f940e534a1eea6b513504cc8a37f555ac63569409cc51c2b2126bdb631",
    "https://esm.sh/@libsql/hrana-client@0.7.0/denonext/hrana-client.mjs": "77ba99f22bc35e2543447d0a1b5fe559d06fd289e4c022653e92675d7ad50b62",
    "https://esm.sh/@libsql/hrana-client@0.7.0?target=denonext": "d9e0ff37aee83f97f1cfd81da84f589af2e8aa250d023ad2bf4883f1c61ba2e2",
    "https://esm.sh/@libsql/isomorphic-fetch@0.3.1/denonext/isomorphic-fetch.mjs": "f61b6d0c33bb021ad2a11cfd55df0e1a207fd23dfc37e622acffdaed781dd9bc",
    "https://esm.sh/@libsql/isomorphic-fetch@0.3.1?target=denonext": "3d249bc6569858de0130f2e6d07b39954d45f09962f59b2c35eaac48ce5c8d2d",
    "https://esm.sh/@libsql/isomorphic-ws@0.1.5/denonext/isomorphic-ws.mjs": "9d104b6fe80cb913bd8b09e76a6e7e83e5d7537bd7dbf1d593da5842888cd2b2",
    "https://esm.sh/@libsql/isomorphic-ws@0.1.5?target=denonext": "0d1a1aa981e92234677ee9b98e72d31125bde45d08cb653917dd2c5144001c9a",
    "https://esm.sh/@react-email/render@1.0.6/denonext/render.mjs": "0fb8c975e744c4140364bae520dc183a24387212f33d18f74d6fb5380d5e06fb",
    "https://esm.sh/@selderee/plugin-htmlparser2@0.11.0/denonext/plugin-htmlparser2.mjs": "bf215c5e29a046da720be2ba856316197ccd53291f42030e947f3df49d8a93e4",
    "https://esm.sh/@selderee/plugin-htmlparser2@0.11.0?target=denonext": "1b642b94e690ea7e82b72aab470d89548cc2e32fd6a1603afec94f67c800b7db",
    "https://esm.sh/deepmerge@4.3.1/denonext/deepmerge.mjs": "1f448aaa83a52514faecb2edc02eb766c9eb10b935b9ac4c1c2a877a0bb56b80",
    "https://esm.sh/deepmerge@4.3.1?target=denonext": "a8faef33b536441a2c63f8c967d160848eb1f898a8e83a35a9f0623ecd9063d3",
    "https://esm.sh/dom-serializer@2.0.0/denonext/dom-serializer.mjs": "545028b1d2c25bae5cbfe6930a28a2e4f7f05e1a0d09bbd0f3f5f9a33df8e3bd",
    "https://esm.sh/dom-serializer@2.0.0?target=denonext": "1626b2b8326556ea2816b5f9bf7522bc9581d545fd9ad117c066ab7a5ff1fb89",
    "https://esm.sh/domelementtype@2.3.0/denonext/domelementtype.mjs": "4f3b57348729cd517560139eb1969ca2fe9cc58c5188abe56e7336d5cb557cc0",
    "https://esm.sh/domelementtype@2.3.0?target=denonext": "2beb2a1e3d18892a9b00ef9528811b93f613a77d2b6fb25376ec0f109ac48a4f",
    "https://esm.sh/domhandler@5.0.3/denonext/domhandler.mjs": "3fb258a3d79bc9066a568bb6b09ce946d1fcfa2636a24ae80a4db220956e0873",
    "https://esm.sh/domhandler@5.0.3?target=denonext": "298fde249b7bff9e80667cfe643e7d4b390871b77b0928d086ce4c0b8fc570e2",
    "https://esm.sh/domutils@3.2.2/denonext/domutils.mjs": "f0b4e80e73810ed6f3d8c4e1822feef89208f32c88b6024a84328d02f5f77c40",
    "https://esm.sh/domutils@3.2.2?target=denonext": "7e487176c61dfd1dfdbcfd1195e7329a64f53421511561b69c570a6cff0a6167",
    "https://esm.sh/entities@4.5.0/denonext/entities.mjs": "4a9306e4021ae1079e83b5db26e1678c536fa69c8f2839802bc3cc43282cef08",
    "https://esm.sh/entities@4.5.0/denonext/lib/decode.mjs": "ef22e25f6bca668e40c4f7d4ecaebe2172a833a18372d55b54f997d0d8702dcd",
    "https://esm.sh/entities@4.5.0/denonext/lib/escape.mjs": "116aef78e5ff05efa6f79851b8b59da025ab88f5c25d2262f73df98f4d57c3fa",
    "https://esm.sh/entities@4.5.0/lib/decode?target=denonext": "488bc8401a0c85a76527d61a41352c5371904aeda57a136eb10ccfadcd2f7c8c",
    "https://esm.sh/entities@4.5.0?target=denonext": "f6bc559c07f40e94b3ef50f0b24e2666a2258db3b6697bf4da8fd2fc014ef7a1",
    "https://esm.sh/html-to-text@9.0.5/denonext/html-to-text.mjs": "6d781c4b144d75deab4b13f72d449cf9a562e924568a57217b28bb459506d775",
    "https://esm.sh/htmlparser2@8.0.2/denonext/htmlparser2.mjs": "c0be0f190e625b82e88378875016f820a38d586e9c885d37e3dd2073a4f0fdfb",
    "https://esm.sh/htmlparser2@8.0.2/denonext/lib/esm/Parser.mjs": "d58fb2f87f8fead8e7ac03c544690908b4db21ab0513415b0cfe9311ab31aaa3",
    "https://esm.sh/htmlparser2@8.0.2/denonext/lib/esm/Tokenizer.mjs": "09109e601c7acd75b99c2a34e53e339a46301d9937e1495eaca8f9019a7b3040",
    "https://esm.sh/htmlparser2@8.0.2?target=denonext": "fd3edaa58a00e79f11b3510cc3930c9f5345486cdcc52c0afe24bbb36aece028",
    "https://esm.sh/js-base64@3.7.7/denonext/js-base64.mjs": "277e909132eeaa5e0814d0a66d664c14891770614d3ec463d6d8d6ee78787f31",
    "https://esm.sh/js-base64@3.7.7?target=denonext": "5b6379296e1f6e8d0c5b5514d6b15f0fe36cd40a5c7b8573f31d0eeb333f033f",
    "https://esm.sh/leac@0.6.0/denonext/leac.mjs": "e8c75e599987aa753dd83b68150eae015e87066834f78748e08b52a101d1730f",
    "https://esm.sh/leac@0.6.0?target=denonext": "49d9cd25ff3a0658f687f430fb60ae79811a6ba3db8f6d2d243274d789ff6013",
    "https://esm.sh/papaparse@5.4.1": "219ba0c48cb54e9dff897b36f769042c63a965083bcde16e0a06e11fbd22c185",
    "https://esm.sh/papaparse@5.4.1/denonext/papaparse.mjs": "6fe398c5882dd70175d388f39e25200bf9e54395eeb5fa96dd6640ca8e1806ee",
    "https://esm.sh/parseley@0.12.1/denonext/parseley.mjs": "adb641dd0790c5f80caccae1d12029aa5434498368eea27696e9e3d5dcd0b835",
    "https://esm.sh/parseley@0.12.1?target=denonext": "8169d6a6a0345226dc65fed2b195413c2bc863348afa61ce31f5bf4730299a1a",
    "https://esm.sh/peberminta@0.9.0/denonext/lib/util.mjs": "ab48ab5eead902341c9f2209db7881d58f9ad2eeac75d62b02bd8fc3c2b96df5",
    "https://esm.sh/peberminta@0.9.0/denonext/peberminta.mjs": "b9e30d34531689bfa87bdd584c19732de2b40a7fb9c87a8dd083b24ccce9199f",
    "https://esm.sh/peberminta@0.9.0?target=denonext": "021e477cef449a6078dec84f778954407b9a913315dc72e5c42eee18db590843",
    "https://esm.sh/prettier@3.5.3/denonext/doc.mjs": "348842240cd67b74474fb2ea86c5ef391a611413cc2cfc46d9400c5b4da52a6a",
    "https://esm.sh/prettier@3.5.3/denonext/plugins/acorn.mjs": "7207618afc87f4c55c73369c0dd929d0ad5a4a7c976a7b282c36d60cdec94ef5",
    "https://esm.sh/prettier@3.5.3/denonext/plugins/angular.mjs": "8e639df1b31b85601cd083f1b0be56ab76f25e7ac26d6109d984d5be214b456b",
    "https://esm.sh/prettier@3.5.3/denonext/plugins/babel.mjs": "140c19132cde7b35b9e19af588c22233486f137e32d4d3237682184c043ce2b7",
    "https://esm.sh/prettier@3.5.3/denonext/plugins/estree.mjs": "9548887fb3c2a1c864bdb44d9660dc95e8b11a03a85b51ba9fed8a8eedfa6768",
    "https://esm.sh/prettier@3.5.3/denonext/plugins/flow.mjs": "002a24d3b6451056c48bbc2cc2091ddba3d6d42257e326da7649133af85ac477",
    "https://esm.sh/prettier@3.5.3/denonext/plugins/glimmer.mjs": "380e3bebc7b8d18c400c04e515586f4581e8f3eca24d7cf89ef44330bba7991a",
    "https://esm.sh/prettier@3.5.3/denonext/plugins/graphql.mjs": "6882e686309f81e817a158ce746b81ce73bb0804e69e3d0aea529ab58ecb4489",
    "https://esm.sh/prettier@3.5.3/denonext/plugins/html.mjs": "2a127ef535ae3cfe9dc898b20f72ee6b2ba4fc1c6142dfc04f120408b556ba79",
    "https://esm.sh/prettier@3.5.3/denonext/plugins/markdown.mjs": "a56151f9a5f13c47d352ce1b9d50dbee7a39af90d734e7d67814b356ba9f2b64",
    "https://esm.sh/prettier@3.5.3/denonext/plugins/meriyah.mjs": "c29c5732d4bcce653d9ae3d93b1d83df2ecb6609e1f57ab8b31e76074e5cc990",
    "https://esm.sh/prettier@3.5.3/denonext/plugins/postcss.mjs": "0ef7b72ddffbf979544ba46b75e58daa1646d8611fea6f6bd02696cf272eef74",
    "https://esm.sh/prettier@3.5.3/denonext/plugins/typescript.mjs": "9c70d792773acd8e5cd20294e3ea09500f93f7b32c4cdc611efe88ee6aab1927",
    "https://esm.sh/prettier@3.5.3/denonext/plugins/yaml.mjs": "fdc98af53cfbc9ff58926be0a386ec34a21b4c8a9a42d8d444a10aa86a7bd9f9",
    "https://esm.sh/prettier@3.5.3/denonext/prettier.mjs": "ccbadd036440d2086e269c6d32399328f85f23c788cc9dec4ef262efaf9b46d1",
    "https://esm.sh/prettier@3.5.3/denonext/standalone.mjs": "8550e87e6cd225dd9d4b9ce7319b7fd87cabe7a3e5de06dcaed1de5e9e6b5d0c",
    "https://esm.sh/promise-limit@2.7.0/denonext/promise-limit.mjs": "31155ca06e5efeac06f2c83fd35cf40bd836ebdbb56d3002004f619dfef9d886",
    "https://esm.sh/promise-limit@2.7.0?target=denonext": "4939fc289aa872c6232bf9a5596d7d889f342abd4efda65a9c29b77c5e4f3191",
    "https://esm.sh/react-dom@19.2.0-canary-ea05b750-20250408/denonext/cjs/react-dom-server-legacy.browser.production.mjs": "262d6822b88b38a2126912790f42c35ec800eadd8bede9f02b8a00edf312f5a2",
    "https://esm.sh/react-dom@19.2.0-canary-ea05b750-20250408/denonext/cjs/react-dom-server.browser.production.mjs": "350c7a0fa1655b24d6d60f6f019a9367c332786ac5f6b490a048f4c5c646abab",
    "https://esm.sh/react-dom@19.2.0-canary-ea05b750-20250408/denonext/react-dom.mjs": "e4817a347e0e4857eab9e1bd8f6cce059928150308984af1e744b75df351e3b6",
    "https://esm.sh/react-dom@19.2.0-canary-ea05b750-20250408/denonext/server.mjs": "6641fe4a2ff1aae676348cab2104987b0c97a7bae08ee66b3e240e6c4e5adc73",
    "https://esm.sh/react-dom@19.2.0-canary-ea05b750-20250408/server?target=denonext": "6990eee004db7f1ac0e99d6cd6e7494144e40898a34da3f0069dee8144d1193c",
    "https://esm.sh/react@19.2.0-canary-ea05b750-20250408/denonext/jsx-runtime.mjs": "72412381278d0c2d4ef9637b3bcfb3099d39e584af0795b3bbd1352ef873c687",
    "https://esm.sh/react@19.2.0-canary-ea05b750-20250408/denonext/react.mjs": "9206aa5ab82aeb94420f8d21e40cdc5583b05175259aa93d2881627cdec86e0b",
    "https://esm.sh/react@19.2.0-canary-ea05b750-20250408/jsx-runtime?target=denonext": "aae3e8f81e0b4bfe64b5f2b7c2328b3ba16b7a04ad49f84eb6233e6f2a2ca53b",
    "https://esm.sh/react@19.2.0-canary-ea05b750-20250408?target=denonext": "ff9397421b8133769535c4812b1992235d2876eb545cbb197b598b300aa6d05b",
    "https://esm.sh/resend@4.3.0": "c2e0995c26a36c065678e6ad2001943923dcfdf578f8614b7641fa3ba2f6c0fe",
    "https://esm.sh/resend@4.3.0/denonext/resend.mjs": "ccce3d620f8526d00222acb0b9e99c56ac19d9c049c534c28381da0bad306103",
    "https://esm.sh/selderee@0.11.0/denonext/selderee.mjs": "7cd55f556e21df07f094dc04a9a3b19f56f4b0781c92aebfb5fbda7536fc167d",
    "https://esm.sh/selderee@0.11.0?target=denonext": "30cf39b226588a56ac350c58aa59db26137ad7a6c609f02689718bbfd389a618"
  }
}
